
Microsoft Visual Studio Solution File, Format Version 12.00
# Visual Studio Version 16
VisualStudioVersion = 16.0.31702.278
MinimumVisualStudioVersion = 10.0.40219.1
Project("{9A19103F-16F7-4668-BE54-9A1E7A4F7556}") = "ThrottleHttpCalls", "ThrottleHttpCalls\ThrottleHttpCalls.csproj", "{DC7ADDD6-54A7-4859-A458-D5766D378D06}"
EndProject
Global
	GlobalSection(SolutionConfigurationPlatforms) = preSolution
		Debug|Any CPU = Debug|Any CPU
		Release|Any CPU = Release|Any CPU
	EndGlobalSection
	GlobalSection(ProjectConfigurationPlatforms) = postSolution
		{DC7ADDD6-54A7-4859-A458-D5766D378D06}.Debug|Any CPU.ActiveCfg = Debug|Any CPU
		{DC7ADDD6-54A7-4859-A458-D5766D378D06}.Debug|Any CPU.Build.0 = Debug|Any CPU
		{DC7ADDD6-54A7-4859-A458-D5766D378D06}.Release|Any CPU.ActiveCfg = Release|Any CPU
		{DC7ADDD6-54A7-4859-A458-D5766D378D06}.Release|Any CPU.Build.0 = Release|Any CPU
	EndGlobalSection
	GlobalSection(SolutionProperties) = preSolution
		HideSolutionNode = FALSE
	EndGlobalSection
	GlobalSection(ExtensibilityGlobals) = postSolution
		SolutionGuid = {7C44686D-D959-4339-A50B-7F35390D8170}
	EndGlobalSection
EndGlobal
